
Microsoft Visual Studio Solution File, Format Version 12.00
# Visual Studio Version 17
VisualStudioVersion = 17.3.32804.467
MinimumVisualStudioVersion = 10.0.40219.1
Project("{FAE04EC0-301F-11D3-BF4B-00C04F79EFBC}") = "GraphQLServer.API", "GraphQLServer.API\GraphQLServer.API.csproj", "{FA9D273D-DA49-4142-AB15-94F9BAA63162}"
EndProject
Project("{FAE04EC0-301F-11D3-BF4B-00C04F79EFBC}") = "GraphQLServer.Model", "GraphQLServer.Models\GraphQLServer.Model.csproj", "{A57A0582-5C32-4592-B836-E9A5CC2EF8AF}"
EndProject
Project("{FAE04EC0-301F-11D3-BF4B-00C04F79EFBC}") = "GraphQLServer.Service", "GraphQLServer.Service\GraphQLServer.Service.csproj", "{9B884ADD-8F54-4389-981A-B0542ACF8E0D}"
EndProject
Global
	GlobalSection(SolutionConfigurationPlatforms) = preSolution
		Debug|Any CPU = Debug|Any CPU
		Release|Any CPU = Release|Any CPU
	EndGlobalSection
	GlobalSection(ProjectConfigurationPlatforms) = postSolution
		{FA9D273D-DA49-4142-AB15-94F9BAA63162}.Debug|Any CPU.ActiveCfg = Debug|Any CPU
		{FA9D273D-DA49-4142-AB15-94F9BAA63162}.Debug|Any CPU.Build.0 = Debug|Any CPU
		{FA9D273D-DA49-4142-AB15-94F9BAA63162}.Release|Any CPU.ActiveCfg = Release|Any CPU
		{FA9D273D-DA49-4142-AB15-94F9BAA63162}.Release|Any CPU.Build.0 = Release|Any CPU
		{A57A0582-5C32-4592-B836-E9A5CC2EF8AF}.Debug|Any CPU.ActiveCfg = Debug|Any CPU
		{A57A0582-5C32-4592-B836-E9A5CC2EF8AF}.Debug|Any CPU.Build.0 = Debug|Any CPU
		{A57A0582-5C32-4592-B836-E9A5CC2EF8AF}.Release|Any CPU.ActiveCfg = Release|Any CPU
		{A57A0582-5C32-4592-B836-E9A5CC2EF8AF}.Release|Any CPU.Build.0 = Release|Any CPU
		{9B884ADD-8F54-4389-981A-B0542ACF8E0D}.Debug|Any CPU.ActiveCfg = Debug|Any CPU
		{9B884ADD-8F54-4389-981A-B0542ACF8E0D}.Debug|Any CPU.Build.0 = Debug|Any CPU
		{9B884ADD-8F54-4389-981A-B0542ACF8E0D}.Release|Any CPU.ActiveCfg = Release|Any CPU
		{9B884ADD-8F54-4389-981A-B0542ACF8E0D}.Release|Any CPU.Build.0 = Release|Any CPU
	EndGlobalSection
	GlobalSection(SolutionProperties) = preSolution
		HideSolutionNode = FALSE
	EndGlobalSection
	GlobalSection(ExtensibilityGlobals) = postSolution
		SolutionGuid = {BADA8A27-2049-46D4-BF75-3B5CA6E79700}
	EndGlobalSection
EndGlobal
